// !$*UTF8*$!
{
	archiveVersion = 1;
	classes = {
	};
	objectVersion = 56;
	objects = {

/* Begin PBXBuildFile section */
		8F45C5D72BA07D9000E841E7 /* AfricaApp.swift in Sources */ = {isa = PBXBuildFile; fileRef = 8F45C5D62BA07D9000E841E7 /* AfricaApp.swift */; };
		8F45C5D92BA07D9000E841E7 /* ContentView.swift in Sources */ = {isa = PBXBuildFile; fileRef = 8F45C5D82BA07D9000E841E7 /* ContentView.swift */; };
		8F45C5DB2BA07D9100E841E7 /* Assets.xcassets in Resources */ = {isa = PBXBuildFile; fileRef = 8F45C5DA2BA07D9100E841E7 /* Assets.xcassets */; };
		8F45C5DE2BA07D9100E841E7 /* Preview Assets.xcassets in Resources */ = {isa = PBXBuildFile; fileRef = 8F45C5DD2BA07D9100E841E7 /* Preview Assets.xcassets */; };
		8F45C5E82BA07D9200E841E7 /* AfricaTests.swift in Sources */ = {isa = PBXBuildFile; fileRef = 8F45C5E72BA07D9200E841E7 /* AfricaTests.swift */; };
		8F45C5F22BA07D9200E841E7 /* AfricaUITests.swift in Sources */ = {isa = PBXBuildFile; fileRef = 8F45C5F12BA07D9200E841E7 /* AfricaUITests.swift */; };
		8F45C5F42BA07D9200E841E7 /* AfricaUITestsLaunchTests.swift in Sources */ = {isa = PBXBuildFile; fileRef = 8F45C5F32BA07D9200E841E7 /* AfricaUITestsLaunchTests.swift */; };
		8F45C6102BA07EDA00E841E7 /* covers.json in Resources */ = {isa = PBXBuildFile; fileRef = 8F45C60C2BA07EDA00E841E7 /* covers.json */; };
		8F45C6112BA07EDA00E841E7 /* locations.json in Resources */ = {isa = PBXBuildFile; fileRef = 8F45C60D2BA07EDA00E841E7 /* locations.json */; };
		8F45C6122BA07EDA00E841E7 /* animals.json in Resources */ = {isa = PBXBuildFile; fileRef = 8F45C60E2BA07EDA00E841E7 /* animals.json */; };
		8F45C6132BA07EDA00E841E7 /* videos.json in Resources */ = {isa = PBXBuildFile; fileRef = 8F45C60F2BA07EDA00E841E7 /* videos.json */; };
		8F45C6172BA0812100E841E7 /* VideoListView.swift in Sources */ = {isa = PBXBuildFile; fileRef = 8F45C6162BA0812100E841E7 /* VideoListView.swift */; };
		8F45C6192BA0812D00E841E7 /* MapView.swift in Sources */ = {isa = PBXBuildFile; fileRef = 8F45C6182BA0812D00E841E7 /* MapView.swift */; };
		8F45C61B2BA0814400E841E7 /* GalleryView.swift in Sources */ = {isa = PBXBuildFile; fileRef = 8F45C61A2BA0814400E841E7 /* GalleryView.swift */; };
		8F45C61D2BA0815200E841E7 /* MainView.swift in Sources */ = {isa = PBXBuildFile; fileRef = 8F45C61C2BA0815200E841E7 /* MainView.swift */; };
		8F45C6202BA0837000E841E7 /* CoverImageView.swift in Sources */ = {isa = PBXBuildFile; fileRef = 8F45C61F2BA0837000E841E7 /* CoverImageView.swift */; };
/* End PBXBuildFile section */

/* Begin PBXContainerItemProxy section */
		8F45C5E42BA07D9200E841E7 /* PBXContainerItemProxy */ = {
			isa = PBXContainerItemProxy;
			containerPortal = 8F45C5CB2BA07D9000E841E7 /* Project object */;
			proxyType = 1;
			remoteGlobalIDString = 8F45C5D22BA07D9000E841E7;
			remoteInfo = Africa;
		};
		8F45C5EE2BA07D9200E841E7 /* PBXContainerItemProxy */ = {
			isa = PBXContainerItemProxy;
			containerPortal = 8F45C5CB2BA07D9000E841E7 /* Project object */;
			proxyType = 1;
			remoteGlobalIDString = 8F45C5D22BA07D9000E841E7;
			remoteInfo = Africa;
		};
/* End PBXContainerItemProxy section */

/* Begin PBXFileReference section */
		8F45C5D32BA07D9000E841E7 /* Africa.app */ = {isa = PBXFileReference; explicitFileType = wrapper.application; includeInIndex = 0; path = Africa.app; sourceTree = BUILT_PRODUCTS_DIR; };
		8F45C5D62BA07D9000E841E7 /* AfricaApp.swift */ = {isa = PBXFileReference; lastKnownFileType = sourcecode.swift; path = AfricaApp.swift; sourceTree = "<group>"; };
		8F45C5D82BA07D9000E841E7 /* ContentView.swift */ = {isa = PBXFileReference; lastKnownFileType = sourcecode.swift; path = ContentView.swift; sourceTree = "<group>"; };
		8F45C5DA2BA07D9100E841E7 /* Assets.xcassets */ = {isa = PBXFileReference; lastKnownFileType = folder.assetcatalog; path = Assets.xcassets; sourceTree = "<group>"; };
		8F45C5DD2BA07D9100E841E7 /* Preview Assets.xcassets */ = {isa = PBXFileReference; lastKnownFileType = folder.assetcatalog; path = "Preview Assets.xcassets"; sourceTree = "<group>"; };
		8F45C5E32BA07D9200E841E7 /* AfricaTests.xctest */ = {isa = PBXFileReference; explicitFileType = wrapper.cfbundle; includeInIndex = 0; path = AfricaTests.xctest; sourceTree = BUILT_PRODUCTS_DIR; };
		8F45C5E72BA07D9200E841E7 /* AfricaTests.swift */ = {isa = PBXFileReference; lastKnownFileType = sourcecode.swift; path = AfricaTests.swift; sourceTree = "<group>"; };
		8F45C5ED2BA07D9200E841E7 /* AfricaUITests.xctest */ = {isa = PBXFileReference; explicitFileType = wrapper.cfbundle; includeInIndex = 0; path = AfricaUITests.xctest; sourceTree = BUILT_PRODUCTS_DIR; };
		8F45C5F12BA07D9200E841E7 /* AfricaUITests.swift */ = {isa = PBXFileReference; lastKnownFileType = sourcecode.swift; path = AfricaUITests.swift; sourceTree = "<group>"; };
		8F45C5F32BA07D9200E841E7 /* AfricaUITestsLaunchTests.swift */ = {isa = PBXFileReference; lastKnownFileType = sourcecode.swift; path = AfricaUITestsLaunchTests.swift; sourceTree = "<group>"; };
		8F45C6012BA07EBF00E841E7 /* lion.mp4 */ = {isa = PBXFileReference; lastKnownFileType = file; path = lion.mp4; sourceTree = "<group>"; };
		8F45C6022BA07EBF00E841E7 /* zebra.mp4 */ = {isa = PBXFileReference; lastKnownFileType = file; path = zebra.mp4; sourceTree = "<group>"; };
		8F45C6032BA07EBF00E841E7 /* rhino.mp4 */ = {isa = PBXFileReference; lastKnownFileType = file; path = rhino.mp4; sourceTree = "<group>"; };
		8F45C6042BA07EBF00E841E7 /* lioness.mp4 */ = {isa = PBXFileReference; lastKnownFileType = file; path = lioness.mp4; sourceTree = "<group>"; };
		8F45C6052BA07EBF00E841E7 /* cheetah.mp4 */ = {isa = PBXFileReference; lastKnownFileType = file; path = cheetah.mp4; sourceTree = "<group>"; };
		8F45C6062BA07EBF00E841E7 /* elephant.mp4 */ = {isa = PBXFileReference; lastKnownFileType = file; path = elephant.mp4; sourceTree = "<group>"; };
		8F45C6072BA07EBF00E841E7 /* gorilla.mp4 */ = {isa = PBXFileReference; lastKnownFileType = file; path = gorilla.mp4; sourceTree = "<group>"; };
		8F45C6082BA07EBF00E841E7 /* hippo.mp4 */ = {isa = PBXFileReference; lastKnownFileType = file; path = hippo.mp4; sourceTree = "<group>"; };
		8F45C6092BA07EBF00E841E7 /* ostrich.mp4 */ = {isa = PBXFileReference; lastKnownFileType = file; path = ostrich.mp4; sourceTree = "<group>"; };
		8F45C60A2BA07EBF00E841E7 /* giraffe.mp4 */ = {isa = PBXFileReference; lastKnownFileType = file; path = giraffe.mp4; sourceTree = "<group>"; };
		8F45C60C2BA07EDA00E841E7 /* covers.json */ = {isa = PBXFileReference; fileEncoding = 4; lastKnownFileType = text.json; path = covers.json; sourceTree = "<group>"; };
		8F45C60D2BA07EDA00E841E7 /* locations.json */ = {isa = PBXFileReference; fileEncoding = 4; lastKnownFileType = text.json; path = locations.json; sourceTree = "<group>"; };
		8F45C60E2BA07EDA00E841E7 /* animals.json */ = {isa = PBXFileReference; fileEncoding = 4; lastKnownFileType = text.json; path = animals.json; sourceTree = "<group>"; };
		8F45C60F2BA07EDA00E841E7 /* videos.json */ = {isa = PBXFileReference; fileEncoding = 4; lastKnownFileType = text.json; path = videos.json; sourceTree = "<group>"; };
		8F45C6142BA07FF500E841E7 /* Info.plist */ = {isa = PBXFileReference; lastKnownFileType = text.plist.xml; path = Info.plist; sourceTree = "<group>"; };
		8F45C6162BA0812100E841E7 /* VideoListView.swift */ = {isa = PBXFileReference; lastKnownFileType = sourcecode.swift; path = VideoListView.swift; sourceTree = "<group>"; };
		8F45C6182BA0812D00E841E7 /* MapView.swift */ = {isa = PBXFileReference; lastKnownFileType = sourcecode.swift; path = MapView.swift; sourceTree = "<group>"; };
		8F45C61A2BA0814400E841E7 /* GalleryView.swift */ = {isa = PBXFileReference; lastKnownFileType = sourcecode.swift; path = GalleryView.swift; sourceTree = "<group>"; };
		8F45C61C2BA0815200E841E7 /* MainView.swift */ = {isa = PBXFileReference; lastKnownFileType = sourcecode.swift; path = MainView.swift; sourceTree = "<group>"; };
		8F45C61F2BA0837000E841E7 /* CoverImageView.swift */ = {isa = PBXFileReference; lastKnownFileType = sourcecode.swift; path = CoverImageView.swift; sourceTree = "<group>"; };
/* End PBXFileReference section */

/* Begin PBXFrameworksBuildPhase section */
		8F45C5D02BA07D9000E841E7 /* Frameworks */ = {
			isa = PBXFrameworksBuildPhase;
			buildActionMask = 2147483647;
			files = (
			);
			runOnlyForDeploymentPostprocessing = 0;
		};
		8F45C5E02BA07D9200E841E7 /* Frameworks */ = {
			isa = PBXFrameworksBuildPhase;
			buildActionMask = 2147483647;
			files = (
			);
			runOnlyForDeploymentPostprocessing = 0;
		};
		8F45C5EA2BA07D9200E841E7 /* Frameworks */ = {
			isa = PBXFrameworksBuildPhase;
			buildActionMask = 2147483647;
			files = (
			);
			runOnlyForDeploymentPostprocessing = 0;
		};
/* End PBXFrameworksBuildPhase section */

/* Begin PBXGroup section */
		8F45C5CA2BA07D9000E841E7 = {
			isa = PBXGroup;
			children = (
				8F45C5D52BA07D9000E841E7 /* Africa */,
				8F45C5E62BA07D9200E841E7 /* AfricaTests */,
				8F45C5F02BA07D9200E841E7 /* AfricaUITests */,
				8F45C5D42BA07D9000E841E7 /* Products */,
			);
			sourceTree = "<group>";
		};
		8F45C5D42BA07D9000E841E7 /* Products */ = {
			isa = PBXGroup;
			children = (
				8F45C5D32BA07D9000E841E7 /* Africa.app */,
				8F45C5E32BA07D9200E841E7 /* AfricaTests.xctest */,
				8F45C5ED2BA07D9200E841E7 /* AfricaUITests.xctest */,
			);
			name = Products;
			sourceTree = "<group>";
		};
		8F45C5D52BA07D9000E841E7 /* Africa */ = {
			isa = PBXGroup;
			children = (
				8F45C61E2BA0835900E841E7 /* View */,
				8F45C6152BA080EE00E841E7 /* App */,
				8F45C60B2BA07ECA00E841E7 /* Data */,
				8F45C6002BA07EB100E841E7 /* Video */,
				8F45C6142BA07FF500E841E7 /* Info.plist */,
				8F45C5DA2BA07D9100E841E7 /* Assets.xcassets */,
				8F45C5DC2BA07D9100E841E7 /* Preview Content */,
			);
			path = Africa;
			sourceTree = "<group>";
		};
		8F45C5DC2BA07D9100E841E7 /* Preview Content */ = {
			isa = PBXGroup;
			children = (
				8F45C5DD2BA07D9100E841E7 /* Preview Assets.xcassets */,
			);
			path = "Preview Content";
			sourceTree = "<group>";
		};
		8F45C5E62BA07D9200E841E7 /* AfricaTests */ = {
			isa = PBXGroup;
			children = (
				8F45C5E72BA07D9200E841E7 /* AfricaTests.swift */,
			);
			path = AfricaTests;
			sourceTree = "<group>";
		};
		8F45C5F02BA07D9200E841E7 /* AfricaUITests */ = {
			isa = PBXGroup;
			children = (
				8F45C5F12BA07D9200E841E7 /* AfricaUITests.swift */,
				8F45C5F32BA07D9200E841E7 /* AfricaUITestsLaunchTests.swift */,
			);
			path = AfricaUITests;
			sourceTree = "<group>";
		};
		8F45C6002BA07EB100E841E7 /* Video */ = {
			isa = PBXGroup;
			children = (
				8F45C6052BA07EBF00E841E7 /* cheetah.mp4 */,
				8F45C6062BA07EBF00E841E7 /* elephant.mp4 */,
				8F45C60A2BA07EBF00E841E7 /* giraffe.mp4 */,
				8F45C6072BA07EBF00E841E7 /* gorilla.mp4 */,
				8F45C6082BA07EBF00E841E7 /* hippo.mp4 */,
				8F45C6012BA07EBF00E841E7 /* lion.mp4 */,
				8F45C6042BA07EBF00E841E7 /* lioness.mp4 */,
				8F45C6092BA07EBF00E841E7 /* ostrich.mp4 */,
				8F45C6032BA07EBF00E841E7 /* rhino.mp4 */,
				8F45C6022BA07EBF00E841E7 /* zebra.mp4 */,
			);
			path = Video;
			sourceTree = "<group>";
		};
		8F45C60B2BA07ECA00E841E7 /* Data */ = {
			isa = PBXGroup;
			children = (
				8F45C60E2BA07EDA00E841E7 /* animals.json */,
				8F45C60C2BA07EDA00E841E7 /* covers.json */,
				8F45C60D2BA07EDA00E841E7 /* locations.json */,
				8F45C60F2BA07EDA00E841E7 /* videos.json */,
			);
			path = Data;
			sourceTree = "<group>";
		};
		8F45C6152BA080EE00E841E7 /* App */ = {
			isa = PBXGroup;
			children = (
				8F45C5D62BA07D9000E841E7 /* AfricaApp.swift */,
				8F45C5D82BA07D9000E841E7 /* ContentView.swift */,
				8F45C6162BA0812100E841E7 /* VideoListView.swift */,
				8F45C6182BA0812D00E841E7 /* MapView.swift */,
				8F45C61A2BA0814400E841E7 /* GalleryView.swift */,
				8F45C61C2BA0815200E841E7 /* MainView.swift */,
			);
			path = App;
			sourceTree = "<group>";
		};
		8F45C61E2BA0835900E841E7 /* View */ = {
			isa = PBXGroup;
			children = (
				8F45C61F2BA0837000E841E7 /* CoverImageView.swift */,
			);
			path = View;
			sourceTree = "<group>";
		};
/* End PBXGroup section */

/* Begin PBXNativeTarget section */
		8F45C5D22BA07D9000E841E7 /* Africa */ = {
			isa = PBXNativeTarget;
			buildConfigurationList = 8F45C5F72BA07D9200E841E7 /* Build configuration list for PBXNativeTarget "Africa" */;
			buildPhases = (
				8F45C5CF2BA07D9000E841E7 /* Sources */,
				8F45C5D02BA07D9000E841E7 /* Frameworks */,
				8F45C5D12BA07D9000E841E7 /* Resources */,
			);
			buildRules = (
			);
			dependencies = (
			);
			name = Africa;
			productName = Africa;
			productReference = 8F45C5D32BA07D9000E841E7 /* Africa.app */;
			productType = "com.apple.product-type.application";
		};
		8F45C5E22BA07D9200E841E7 /* AfricaTests */ = {
			isa = PBXNativeTarget;
			buildConfigurationList = 8F45C5FA2BA07D9200E841E7 /* Build configuration list for PBXNativeTarget "AfricaTests" */;
			buildPhases = (
				8F45C5DF2BA07D9200E841E7 /* Sources */,
				8F45C5E02BA07D9200E841E7 /* Frameworks */,
				8F45C5E12BA07D9200E841E7 /* Resources */,
			);
			buildRules = (
			);
			dependencies = (
				8F45C5E52BA07D9200E841E7 /* PBXTargetDependency */,
			);
			name = AfricaTests;
			productName = AfricaTests;
			productReference = 8F45C5E32BA07D9200E841E7 /* AfricaTests.xctest */;
			productType = "com.apple.product-type.bundle.unit-test";
		};
		8F45C5EC2BA07D9200E841E7 /* AfricaUITests */ = {
			isa = PBXNativeTarget;
			buildConfigurationList = 8F45C5FD2BA07D9200E841E7 /* Build configuration list for PBXNativeTarget "AfricaUITests" */;
			buildPhases = (
				8F45C5E92BA07D9200E841E7 /* Sources */,
				8F45C5EA2BA07D9200E841E7 /* Frameworks */,
				8F45C5EB2BA07D9200E841E7 /* Resources */,
			);
			buildRules = (
			);
			dependencies = (
				8F45C5EF2BA07D9200E841E7 /* PBXTargetDependency */,
			);
			name = AfricaUITests;
			productName = AfricaUITests;
			productReference = 8F45C5ED2BA07D9200E841E7 /* AfricaUITests.xctest */;
			productType = "com.apple.product-type.bundle.ui-testing";
		};
/* End PBXNativeTarget section */

/* Begin PBXProject section */
		8F45C5CB2BA07D9000E841E7 /* Project object */ = {
			isa = PBXProject;
			attributes = {
				BuildIndependentTargetsInParallel = 1;
				LastSwiftUpdateCheck = 1520;
				LastUpgradeCheck = 1520;
				TargetAttributes = {
					8F45C5D22BA07D9000E841E7 = {
						CreatedOnToolsVersion = 15.2;
					};
					8F45C5E22BA07D9200E841E7 = {
						CreatedOnToolsVersion = 15.2;
						TestTargetID = 8F45C5D22BA07D9000E841E7;
					};
					8F45C5EC2BA07D9200E841E7 = {
						CreatedOnToolsVersion = 15.2;
						TestTargetID = 8F45C5D22BA07D9000E841E7;
					};
				};
			};
			buildConfigurationList = 8F45C5CE2BA07D9000E841E7 /* Build configuration list for PBXProject "Africa" */;
			compatibilityVersion = "Xcode 14.0";
			developmentRegion = en;
			hasScannedForEncodings = 0;
			knownRegions = (
				en,
				Base,
			);
			mainGroup = 8F45C5CA2BA07D9000E841E7;
			productRefGroup = 8F45C5D42BA07D9000E841E7 /* Products */;
			projectDirPath = "";
			projectRoot = "";
			targets = (
				8F45C5D22BA07D9000E841E7 /* Africa */,
				8F45C5E22BA07D9200E841E7 /* AfricaTests */,
				8F45C5EC2BA07D9200E841E7 /* AfricaUITests */,
			);
		};
/* End PBXProject section */

/* Begin PBXResourcesBuildPhase section */
		8F45C5D12BA07D9000E841E7 /* Resources */ = {
			isa = PBXResourcesBuildPhase;
			buildActionMask = 2147483647;
			files = (
				8F45C6122BA07EDA00E841E7 /* animals.json in Resources */,
				8F45C5DE2BA07D9100E841E7 /* Preview Assets.xcassets in Resources */,
				8F45C6102BA07EDA00E841E7 /* covers.json in Resources */,
				8F45C6112BA07EDA00E841E7 /* locations.json in Resources */,
				8F45C5DB2BA07D9100E841E7 /* Assets.xcassets in Resources */,
				8F45C6132BA07EDA00E841E7 /* videos.json in Resources */,
			);
			runOnlyForDeploymentPostprocessing = 0;
		};
		8F45C5E12BA07D9200E841E7 /* Resources */ = {
			isa = PBXResourcesBuildPhase;
			buildActionMask = 2147483647;
			files = (
			);
			runOnlyForDeploymentPostprocessing = 0;
		};
		8F45C5EB2BA07D9200E841E7 /* Resources */ = {
			isa = PBXResourcesBuildPhase;
			buildActionMask = 2147483647;
			files = (
			);
			runOnlyForDeploymentPostprocessing = 0;
		};
/* End PBXResourcesBuildPhase section */

/* Begin PBXSourcesBuildPhase section */
		8F45C5CF2BA07D9000E841E7 /* Sources */ = {
			isa = PBXSourcesBuildPhase;
			buildActionMask = 2147483647;
			files = (
				8F45C5D92BA07D9000E841E7 /* ContentView.swift in Sources */,
				8F45C61D2BA0815200E841E7 /* MainView.swift in Sources */,
				8F45C6202BA0837000E841E7 /* CoverImageView.swift in Sources */,
				8F45C6192BA0812D00E841E7 /* MapView.swift in Sources */,
				8F45C5D72BA07D9000E841E7 /* AfricaApp.swift in Sources */,
				8F45C6172BA0812100E841E7 /* VideoListView.swift in Sources */,
				8F45C61B2BA0814400E841E7 /* GalleryView.swift in Sources */,
			);
			runOnlyForDeploymentPostprocessing = 0;
		};
		8F45C5DF2BA07D9200E841E7 /* Sources */ = {
			isa = PBXSourcesBuildPhase;
			buildActionMask = 2147483647;
			files = (
				8F45C5E82BA07D9200E841E7 /* AfricaTests.swift in Sources */,
			);
			runOnlyForDeploymentPostprocessing = 0;
		};
		8F45C5E92BA07D9200E841E7 /* Sources */ = {
			isa = PBXSourcesBuildPhase;
			buildActionMask = 2147483647;
			files = (
				8F45C5F42BA07D9200E841E7 /* AfricaUITestsLaunchTests.swift in Sources */,
				8F45C5F22BA07D9200E841E7 /* AfricaUITests.swift in Sources */,
			);
			runOnlyForDeploymentPostprocessing = 0;
		};
/* End PBXSourcesBuildPhase section */

/* Begin PBXTargetDependency section */
		8F45C5E52BA07D9200E841E7 /* PBXTargetDependency */ = {
			isa = PBXTargetDependency;
			target = 8F45C5D22BA07D9000E841E7 /* Africa */;
			targetProxy = 8F45C5E42BA07D9200E841E7 /* PBXContainerItemProxy */;
		};
		8F45C5EF2BA07D9200E841E7 /* PBXTargetDependency */ = {
			isa = PBXTargetDependency;
			target = 8F45C5D22BA07D9000E841E7 /* Africa */;
			targetProxy = 8F45C5EE2BA07D9200E841E7 /* PBXContainerItemProxy */;
		};
/* End PBXTargetDependency section */

/* Begin XCBuildConfiguration section */
		8F45C5F52BA07D9200E841E7 /* Debug */ = {
			isa = XCBuildConfiguration;
			buildSettings = {
				ALWAYS_SEARCH_USER_PATHS = NO;
				ASSETCATALOG_COMPILER_GENERATE_SWIFT_ASSET_SYMBOL_EXTENSIONS = YES;
				CLANG_ANALYZER_NONNULL = YES;
				CLANG_ANALYZER_NUMBER_OBJECT_CONVERSION = YES_AGGRESSIVE;
				CLANG_CXX_LANGUAGE_STANDARD = "gnu++20";
				CLANG_ENABLE_MODULES = YES;
				CLANG_ENABLE_OBJC_ARC = YES;
				CLANG_ENABLE_OBJC_WEAK = YES;
				CLANG_WARN_BLOCK_CAPTURE_AUTORELEASING = YES;
				CLANG_WARN_BOOL_CONVERSION = YES;
				CLANG_WARN_COMMA = YES;
				CLANG_WARN_CONSTANT_CONVERSION = YES;
				CLANG_WARN_DEPRECATED_OBJC_IMPLEMENTATIONS = YES;
				CLANG_WARN_DIRECT_OBJC_ISA_USAGE = YES_ERROR;
				CLANG_WARN_DOCUMENTATION_COMMENTS = YES;
				CLANG_WARN_EMPTY_BODY = YES;
				CLANG_WARN_ENUM_CONVERSION = YES;
				CLANG_WARN_INFINITE_RECURSION = YES;
				CLANG_WARN_INT_CONVERSION = YES;
				CLANG_WARN_NON_LITERAL_NULL_CONVERSION = YES;
				CLANG_WARN_OBJC_IMPLICIT_RETAIN_SELF = YES;
				CLANG_WARN_OBJC_LITERAL_CONVERSION = YES;
				CLANG_WARN_OBJC_ROOT_CLASS = YES_ERROR;
				CLANG_WARN_QUOTED_INCLUDE_IN_FRAMEWORK_HEADER = YES;
				CLANG_WARN_RANGE_LOOP_ANALYSIS = YES;
				CLANG_WARN_STRICT_PROTOTYPES = YES;
				CLANG_WARN_SUSPICIOUS_MOVE = YES;
				CLANG_WARN_UNGUARDED_AVAILABILITY = YES_AGGRESSIVE;
				CLANG_WARN_UNREACHABLE_CODE = YES;
				CLANG_WARN__DUPLICATE_METHOD_MATCH = YES;
				COPY_PHASE_STRIP = NO;
				DEBUG_INFORMATION_FORMAT = dwarf;
				ENABLE_STRICT_OBJC_MSGSEND = YES;
				ENABLE_TESTABILITY = YES;
				ENABLE_USER_SCRIPT_SANDBOXING = YES;
				GCC_C_LANGUAGE_STANDARD = gnu17;
				GCC_DYNAMIC_NO_PIC = NO;
				GCC_NO_COMMON_BLOCKS = YES;
				GCC_OPTIMIZATION_LEVEL = 0;
				GCC_PREPROCESSOR_DEFINITIONS = (
					"DEBUG=1",
					"$(inherited)",
				);
				GCC_WARN_64_TO_32_BIT_CONVERSION = YES;
				GCC_WARN_ABOUT_RETURN_TYPE = YES_ERROR;
				GCC_WARN_UNDECLARED_SELECTOR = YES;
				GCC_WARN_UNINITIALIZED_AUTOS = YES_AGGRESSIVE;
				GCC_WARN_UNUSED_FUNCTION = YES;
				GCC_WARN_UNUSED_VARIABLE = YES;
				IPHONEOS_DEPLOYMENT_TARGET = 17.2;
				LOCALIZATION_PREFERS_STRING_CATALOGS = YES;
				MTL_ENABLE_DEBUG_INFO = INCLUDE_SOURCE;
				MTL_FAST_MATH = YES;
				ONLY_ACTIVE_ARCH = YES;
				SDKROOT = iphoneos;
				SWIFT_ACTIVE_COMPILATION_CONDITIONS = "DEBUG $(inherited)";
				SWIFT_OPTIMIZATION_LEVEL = "-Onone";
			};
			name = Debug;
		};
		8F45C5F62BA07D9200E841E7 /* Release */ = {
			isa = XCBuildConfiguration;
			buildSettings = {
				ALWAYS_SEARCH_USER_PATHS = NO;
				ASSETCATALOG_COMPILER_GENERATE_SWIFT_ASSET_SYMBOL_EXTENSIONS = YES;
				CLANG_ANALYZER_NONNULL = YES;
				CLANG_ANALYZER_NUMBER_OBJECT_CONVERSION = YES_AGGRESSIVE;
				CLANG_CXX_LANGUAGE_STANDARD = "gnu++20";
				CLANG_ENABLE_MODULES = YES;
				CLANG_ENABLE_OBJC_ARC = YES;
				CLANG_ENABLE_OBJC_WEAK = YES;
				CLANG_WARN_BLOCK_CAPTURE_AUTORELEASING = YES;
				CLANG_WARN_BOOL_CONVERSION = YES;
				CLANG_WARN_COMMA = YES;
				CLANG_WARN_CONSTANT_CONVERSION = YES;
				CLANG_WARN_DEPRECATED_OBJC_IMPLEMENTATIONS = YES;
				CLANG_WARN_DIRECT_OBJC_ISA_USAGE = YES_ERROR;
				CLANG_WARN_DOCUMENTATION_COMMENTS = YES;
				CLANG_WARN_EMPTY_BODY = YES;
				CLANG_WARN_ENUM_CONVERSION = YES;
				CLANG_WARN_INFINITE_RECURSION = YES;
				CLANG_WARN_INT_CONVERSION = YES;
				CLANG_WARN_NON_LITERAL_NULL_CONVERSION = YES;
				CLANG_WARN_OBJC_IMPLICIT_RETAIN_SELF = YES;
				CLANG_WARN_OBJC_LITERAL_CONVERSION = YES;
				CLANG_WARN_OBJC_ROOT_CLASS = YES_ERROR;
				CLANG_WARN_QUOTED_INCLUDE_IN_FRAMEWORK_HEADER = YES;
				CLANG_WARN_RANGE_LOOP_ANALYSIS = YES;
				CLANG_WARN_STRICT_PROTOTYPES = YES;
				CLANG_WARN_SUSPICIOUS_MOVE = YES;
				CLANG_WARN_UNGUARDED_AVAILABILITY = YES_AGGRESSIVE;
				CLANG_WARN_UNREACHABLE_CODE = YES;
				CLANG_WARN__DUPLICATE_METHOD_MATCH = YES;
				COPY_PHASE_STRIP = NO;
				DEBUG_INFORMATION_FORMAT = "dwarf-with-dsym";
				ENABLE_NS_ASSERTIONS = NO;
				ENABLE_STRICT_OBJC_MSGSEND = YES;
				ENABLE_USER_SCRIPT_SANDBOXING = YES;
				GCC_C_LANGUAGE_STANDARD = gnu17;
				GCC_NO_COMMON_BLOCKS = YES;
				GCC_WARN_64_TO_32_BIT_CONVERSION = YES;
				GCC_WARN_ABOUT_RETURN_TYPE = YES_ERROR;
				GCC_WARN_UNDECLARED_SELECTOR = YES;
				GCC_WARN_UNINITIALIZED_AUTOS = YES_AGGRESSIVE;
				GCC_WARN_UNUSED_FUNCTION = YES;
				GCC_WARN_UNUSED_VARIABLE = YES;
				IPHONEOS_DEPLOYMENT_TARGET = 17.2;
				LOCALIZATION_PREFERS_STRING_CATALOGS = YES;
				MTL_ENABLE_DEBUG_INFO = NO;
				MTL_FAST_MATH = YES;
				SDKROOT = iphoneos;
				SWIFT_COMPILATION_MODE = wholemodule;
				VALIDATE_PRODUCT = YES;
			};
			name = Release;
		};
		8F45C5F82BA07D9200E841E7 /* Debug */ = {
			isa = XCBuildConfiguration;
			buildSettings = {
				ASSETCATALOG_COMPILER_APPICON_NAME = AppIcon;
				ASSETCATALOG_COMPILER_GLOBAL_ACCENT_COLOR_NAME = AccentColor;
				CODE_SIGN_STYLE = Automatic;
				CURRENT_PROJECT_VERSION = 1;
				DEVELOPMENT_ASSET_PATHS = "\"Africa/Preview Content\"";
				ENABLE_PREVIEWS = YES;
				GENERATE_INFOPLIST_FILE = YES;
				INFOPLIST_FILE = Africa/Info.plist;
				INFOPLIST_KEY_CFBundleDisplayName = "";
				INFOPLIST_KEY_LSApplicationCategoryType = "";
				INFOPLIST_KEY_UIApplicationSceneManifest_Generation = YES;
				INFOPLIST_KEY_UIApplicationSupportsIndirectInputEvents = YES;
				INFOPLIST_KEY_UISupportedInterfaceOrientations_iPad = "UIInterfaceOrientationPortrait UIInterfaceOrientationPortraitUpsideDown UIInterfaceOrientationLandscapeLeft UIInterfaceOrientationLandscapeRight";
				INFOPLIST_KEY_UISupportedInterfaceOrientations_iPhone = "UIInterfaceOrientationPortrait UIInterfaceOrientationLandscapeLeft UIInterfaceOrientationLandscapeRight";
				INFOPLIST_KEY_UIUserInterfaceStyle = Dark;
				LD_RUNPATH_SEARCH_PATHS = (
					"$(inherited)",
					"@executable_path/Frameworks",
				);
				MARKETING_VERSION = 1.0;
				PRODUCT_BUNDLE_IDENTIFIER = br.com.brutkasten.Africa;
				PRODUCT_NAME = "$(TARGET_NAME)";
				SWIFT_EMIT_LOC_STRINGS = YES;
				SWIFT_VERSION = 5.0;
				TARGETED_DEVICE_FAMILY = "1,2";
			};
			name = Debug;
		};
		8F45C5F92BA07D9200E841E7 /* Release */ = {
			isa = XCBuildConfiguration;
			buildSettings = {
				ASSETCATALOG_COMPILER_APPICON_NAME = AppIcon;
				ASSETCATALOG_COMPILER_GLOBAL_ACCENT_COLOR_NAME = AccentColor;
				CODE_SIGN_STYLE = Automatic;
				CURRENT_PROJECT_VERSION = 1;
				DEVELOPMENT_ASSET_PATHS = "\"Africa/Preview Content\"";
				ENABLE_PREVIEWS = YES;
				GENERATE_INFOPLIST_FILE = YES;
				INFOPLIST_FILE = Africa/Info.plist;
				INFOPLIST_KEY_CFBundleDisplayName = "";
				INFOPLIST_KEY_LSApplicationCategoryType = "";
				INFOPLIST_KEY_UIApplicationSceneManifest_Generation = YES;
				INFOPLIST_KEY_UIApplicationSupportsIndirectInputEvents = YES;
				INFOPLIST_KEY_UISupportedInterfaceOrientations_iPad = "UIInterfaceOrientationPortrait UIInterfaceOrientationPortraitUpsideDown UIInterfaceOrientationLandscapeLeft UIInterfaceOrientationLandscapeRight";
				INFOPLIST_KEY_UISupportedInterfaceOrientations_iPhone = "UIInterfaceOrientationPortrait UIInterfaceOrientationLandscapeLeft UIInterfaceOrientationLandscapeRight";
				INFOPLIST_KEY_UIUserInterfaceStyle = Dark;
				LD_RUNPATH_SEARCH_PATHS = (
					"$(inherited)",
					"@executable_path/Frameworks",
				);
				MARKETING_VERSION = 1.0;
				PRODUCT_BUNDLE_IDENTIFIER = br.com.brutkasten.Africa;
				PRODUCT_NAME = "$(TARGET_NAME)";
				SWIFT_EMIT_LOC_STRINGS = YES;
				SWIFT_VERSION = 5.0;
				TARGETED_DEVICE_FAMILY = "1,2";
			};
			name = Release;
		};
		8F45C5FB2BA07D9200E841E7 /* Debug */ = {
			isa = XCBuildConfiguration;
			buildSettings = {
				ALWAYS_EMBED_SWIFT_STANDARD_LIBRARIES = YES;
				BUNDLE_LOADER = "$(TEST_HOST)";
				CODE_SIGN_STYLE = Automatic;
				CURRENT_PROJECT_VERSION = 1;
				GENERATE_INFOPLIST_FILE = YES;
				IPHONEOS_DEPLOYMENT_TARGET = 17.2;
				MARKETING_VERSION = 1.0;
				PRODUCT_BUNDLE_IDENTIFIER = br.com.brutkasten.AfricaTests;
				PRODUCT_NAME = "$(TARGET_NAME)";
				SWIFT_EMIT_LOC_STRINGS = NO;
				SWIFT_VERSION = 5.0;
				TARGETED_DEVICE_FAMILY = "1,2";
				TEST_HOST = "$(BUILT_PRODUCTS_DIR)/Africa.app/$(BUNDLE_EXECUTABLE_FOLDER_PATH)/Africa";
			};
			name = Debug;
		};
		8F45C5FC2BA07D9200E841E7 /* Release */ = {
			isa = XCBuildConfiguration;
			buildSettings = {
				ALWAYS_EMBED_SWIFT_STANDARD_LIBRARIES = YES;
				BUNDLE_LOADER = "$(TEST_HOST)";
				CODE_SIGN_STYLE = Automatic;
				CURRENT_PROJECT_VERSION = 1;
				GENERATE_INFOPLIST_FILE = YES;
				IPHONEOS_DEPLOYMENT_TARGET = 17.2;
				MARKETING_VERSION = 1.0;
				PRODUCT_BUNDLE_IDENTIFIER = br.com.brutkasten.AfricaTests;
				PRODUCT_NAME = "$(TARGET_NAME)";
				SWIFT_EMIT_LOC_STRINGS = NO;
				SWIFT_VERSION = 5.0;
				TARGETED_DEVICE_FAMILY = "1,2";
				TEST_HOST = "$(BUILT_PRODUCTS_DIR)/Africa.app/$(BUNDLE_EXECUTABLE_FOLDER_PATH)/Africa";
			};
			name = Release;
		};
		8F45C5FE2BA07D9200E841E7 /* Debug */ = {
			isa = XCBuildConfiguration;
			buildSettings = {
				ALWAYS_EMBED_SWIFT_STANDARD_LIBRARIES = YES;
				CODE_SIGN_STYLE = Automatic;
				CURRENT_PROJECT_VERSION = 1;
				GENERATE_INFOPLIST_FILE = YES;
				MARKETING_VERSION = 1.0;
				PRODUCT_BUNDLE_IDENTIFIER = br.com.brutkasten.AfricaUITests;
				PRODUCT_NAME = "$(TARGET_NAME)";
				SWIFT_EMIT_LOC_STRINGS = NO;
				SWIFT_VERSION = 5.0;
				TARGETED_DEVICE_FAMILY = "1,2";
				TEST_TARGET_NAME = Africa;
			};
			name = Debug;
		};
		8F45C5FF2BA07D9200E841E7 /* Release */ = {
			isa = XCBuildConfiguration;
			buildSettings = {
				ALWAYS_EMBED_SWIFT_STANDARD_LIBRARIES = YES;
				CODE_SIGN_STYLE = Automatic;
				CURRENT_PROJECT_VERSION = 1;
				GENERATE_INFOPLIST_FILE = YES;
				MARKETING_VERSION = 1.0;
				PRODUCT_BUNDLE_IDENTIFIER = br.com.brutkasten.AfricaUITests;
				PRODUCT_NAME = "$(TARGET_NAME)";
				SWIFT_EMIT_LOC_STRINGS = NO;
				SWIFT_VERSION = 5.0;
				TARGETED_DEVICE_FAMILY = "1,2";
				TEST_TARGET_NAME = Africa;
			};
			name = Release;
		};
/* End XCBuildConfiguration section */

/* Begin XCConfigurationList section */
		8F45C5CE2BA07D9000E841E7 /* Build configuration list for PBXProject "Africa" */ = {
			isa = XCConfigurationList;
			buildConfigurations = (
				8F45C5F52BA07D9200E841E7 /* Debug */,
				8F45C5F62BA07D9200E841E7 /* Release */,
			);
			defaultConfigurationIsVisible = 0;
			defaultConfigurationName = Release;
		};
		8F45C5F72BA07D9200E841E7 /* Build configuration list for PBXNativeTarget "Africa" */ = {
			isa = XCConfigurationList;
			buildConfigurations = (
				8F45C5F82BA07D9200E841E7 /* Debug */,
				8F45C5F92BA07D9200E841E7 /* Release */,
			);
			defaultConfigurationIsVisible = 0;
			defaultConfigurationName = Release;
		};
		8F45C5FA2BA07D9200E841E7 /* Build configuration list for PBXNativeTarget "AfricaTests" */ = {
			isa = XCConfigurationList;
			buildConfigurations = (
				8F45C5FB2BA07D9200E841E7 /* Debug */,
				8F45C5FC2BA07D9200E841E7 /* Release */,
			);
			defaultConfigurationIsVisible = 0;
			defaultConfigurationName = Release;
		};
		8F45C5FD2BA07D9200E841E7 /* Build configuration list for PBXNativeTarget "AfricaUITests" */ = {
			isa = XCConfigurationList;
			buildConfigurations = (
				8F45C5FE2BA07D9200E841E7 /* Debug */,
				8F45C5FF2BA07D9200E841E7 /* Release */,
			);
			defaultConfigurationIsVisible = 0;
			defaultConfigurationName = Release;
		};
/* End XCConfigurationList section */
	};
	rootObject = 8F45C5CB2BA07D9000E841E7 /* Project object */;
}
